
Microsoft Visual Studio Solution File, Format Version 12.00
# Visual Studio Version 16
VisualStudioVersion = 16.0.32126.315
MinimumVisualStudioVersion = 10.0.40219.1
Project("{FAE04EC0-301F-11D3-BF4B-00C04F79EFBC}") = "R6LifeCounter", "R6LifeCounter\R6LifeCounter.csproj", "{2D37E74D-EF50-4D17-8852-A3CFF8717BD6}"
EndProject
Project("{2150E333-8FDC-42A3-9474-1A3956D46DE8}") = "Solution Items", "Solution Items", "{9137D52B-9081-487C-8D8C-90E03227C4B2}"
	ProjectSection(SolutionItems) = preProject
		R6LifeCounter.ino = R6LifeCounter.ino
	EndProjectSection
EndProject
Global
	GlobalSection(SolutionConfigurationPlatforms) = preSolution
		Debug|Any CPU = Debug|Any CPU
		Release|Any CPU = Release|Any CPU
	EndGlobalSection
	GlobalSection(ProjectConfigurationPlatforms) = postSolution
		{2D37E74D-EF50-4D17-8852-A3CFF8717BD6}.Debug|Any CPU.ActiveCfg = Debug|Any CPU
		{2D37E74D-EF50-4D17-8852-A3CFF8717BD6}.Debug|Any CPU.Build.0 = Debug|Any CPU
		{2D37E74D-EF50-4D17-8852-A3CFF8717BD6}.Release|Any CPU.ActiveCfg = Release|Any CPU
		{2D37E74D-EF50-4D17-8852-A3CFF8717BD6}.Release|Any CPU.Build.0 = Release|Any CPU
	EndGlobalSection
	GlobalSection(SolutionProperties) = preSolution
		HideSolutionNode = FALSE
	EndGlobalSection
	GlobalSection(ExtensibilityGlobals) = postSolution
		SolutionGuid = {7FC60E35-C774-40C6-8293-E352CC386373}
	EndGlobalSection
EndGlobal
